
Microsoft Visual Studio Solution File, Format Version 12.00
# Visual Studio 14
VisualStudioVersion = 14.0.25420.1
MinimumVisualStudioVersion = 10.0.40219.1
Project("{FAE04EC0-301F-11D3-BF4B-00C04F79EFBC}") = "TeduShop.Common", "TeduShop.Common\TeduShop.Common.csproj", "{638C7909-829B-4346-846E-2AE5758607B4}"
EndProject
Project("{FAE04EC0-301F-11D3-BF4B-00C04F79EFBC}") = "TeduShop.Model", "TeduShop.Model\TeduShop.Model.csproj", "{D588F896-32B6-45FB-B920-4726304C3971}"
EndProject
Project("{FAE04EC0-301F-11D3-BF4B-00C04F79EFBC}") = "TeduShop.Data", "TeduShop.Data\TeduShop.Data.csproj", "{DA2A81A5-AD29-433B-9E05-8299BCB5945E}"
EndProject
Project("{FAE04EC0-301F-11D3-BF4B-00C04F79EFBC}") = "TeduShop.Service", "TeduShop.Service\TeduShop.Service.csproj", "{3C5AADE3-E1DC-4E5B-B649-295AFC287725}"
EndProject
Project("{FAE04EC0-301F-11D3-BF4B-00C04F79EFBC}") = "TeduShop.UnitTest", "TeduShop.UnitTest\TeduShop.UnitTest.csproj", "{0C177296-0B48-42D6-A64F-DB47DA73B4AA}"
EndProject
Project("{FAE04EC0-301F-11D3-BF4B-00C04F79EFBC}") = "TeduShop.Web", "TeduShop.Web\TeduShop.Web.csproj", "{FA2B632C-307A-4AE0-BA75-C78172BC203C}"
EndProject
Global
	GlobalSection(SolutionConfigurationPlatforms) = preSolution
		Debug|Any CPU = Debug|Any CPU
		Release|Any CPU = Release|Any CPU
	EndGlobalSection
	GlobalSection(ProjectConfigurationPlatforms) = postSolution
		{638C7909-829B-4346-846E-2AE5758607B4}.Debug|Any CPU.ActiveCfg = Debug|Any CPU
		{638C7909-829B-4346-846E-2AE5758607B4}.Debug|Any CPU.Build.0 = Debug|Any CPU
		{638C7909-829B-4346-846E-2AE5758607B4}.Release|Any CPU.ActiveCfg = Release|Any CPU
		{638C7909-829B-4346-846E-2AE5758607B4}.Release|Any CPU.Build.0 = Release|Any CPU
		{D588F896-32B6-45FB-B920-4726304C3971}.Debug|Any CPU.ActiveCfg = Debug|Any CPU
		{D588F896-32B6-45FB-B920-4726304C3971}.Debug|Any CPU.Build.0 = Debug|Any CPU
		{D588F896-32B6-45FB-B920-4726304C3971}.Release|Any CPU.ActiveCfg = Release|Any CPU
		{D588F896-32B6-45FB-B920-4726304C3971}.Release|Any CPU.Build.0 = Release|Any CPU
		{DA2A81A5-AD29-433B-9E05-8299BCB5945E}.Debug|Any CPU.ActiveCfg = Debug|Any CPU
		{DA2A81A5-AD29-433B-9E05-8299BCB5945E}.Debug|Any CPU.Build.0 = Debug|Any CPU
		{DA2A81A5-AD29-433B-9E05-8299BCB5945E}.Release|Any CPU.ActiveCfg = Release|Any CPU
		{DA2A81A5-AD29-433B-9E05-8299BCB5945E}.Release|Any CPU.Build.0 = Release|Any CPU
		{3C5AADE3-E1DC-4E5B-B649-295AFC287725}.Debug|Any CPU.ActiveCfg = Debug|Any CPU
		{3C5AADE3-E1DC-4E5B-B649-295AFC287725}.Debug|Any CPU.Build.0 = Debug|Any CPU
		{3C5AADE3-E1DC-4E5B-B649-295AFC287725}.Release|Any CPU.ActiveCfg = Release|Any CPU
		{3C5AADE3-E1DC-4E5B-B649-295AFC287725}.Release|Any CPU.Build.0 = Release|Any CPU
		{0C177296-0B48-42D6-A64F-DB47DA73B4AA}.Debug|Any CPU.ActiveCfg = Debug|Any CPU
		{0C177296-0B48-42D6-A64F-DB47DA73B4AA}.Debug|Any CPU.Build.0 = Debug|Any CPU
		{0C177296-0B48-42D6-A64F-DB47DA73B4AA}.Release|Any CPU.ActiveCfg = Release|Any CPU
		{0C177296-0B48-42D6-A64F-DB47DA73B4AA}.Release|Any CPU.Build.0 = Release|Any CPU
		{FA2B632C-307A-4AE0-BA75-C78172BC203C}.Debug|Any CPU.ActiveCfg = Debug|Any CPU
		{FA2B632C-307A-4AE0-BA75-C78172BC203C}.Debug|Any CPU.Build.0 = Debug|Any CPU
		{FA2B632C-307A-4AE0-BA75-C78172BC203C}.Release|Any CPU.ActiveCfg = Release|Any CPU
		{FA2B632C-307A-4AE0-BA75-C78172BC203C}.Release|Any CPU.Build.0 = Release|Any CPU
	EndGlobalSection
	GlobalSection(SolutionProperties) = preSolution
		HideSolutionNode = FALSE
	EndGlobalSection
EndGlobal
